<?xml version="1.0" encoding="utf-8"?>
<Project ToolsVersion="4.0" xmlns="http://schemas.microsoft.com/developer/msbuild/2003">
  <ItemGroup>
    <Filter Include="Resource Files">
      <UniqueIdentifier>{67DA6AB6-F800-4c08-8B7A-83BB121AAD01}</UniqueIdentifier>
      <Extensions>rc;ico;cur;bmp;dlg;rc2;rct;bin;rgs;gif;jpg;jpeg;jpe;resx;tiff;tif;png;wav;mfcribbon-ms</Extensions>
    </Filter>
    <Filter Include="Components">
      <UniqueIdentifier>{89207985-b88e-41f5-b914-e701d23e3ec2}</UniqueIdentifier>
    </Filter>
    <Filter Include="Prefabs">
      <UniqueIdentifier>{53d2b4a2-1cab-45a5-ab20-2c06e137854f}</UniqueIdentifier>
    </Filter>
    <Filter Include="Utilities">
      <UniqueIdentifier>{9dd5b352-4749-4087-ad1c-fd2e4513f6fe}</UniqueIdentifier>
    </Filter>
    <Filter Include="Minigin">
      <UniqueIdentifier>{44e4e054-5c72-49a4-bdbf-e77442dac5ee}</UniqueIdentifier>
    </Filter>
    <Filter Include="Managers">
      <UniqueIdentifier>{8ba703af-8359-4b83-a6f0-386a754dbe9e}</UniqueIdentifier>
    </Filter>
    <Filter Include="Rendering">
      <UniqueIdentifier>{93995380-89BD-4b04-88EB-625FBE52EBFB}</UniqueIdentifier>
      <Extensions>h;hh;hpp;hxx;hm;inl;inc;xsd</Extensions>
    </Filter>
    <Filter Include="Scenes">
      <UniqueIdentifier>{6e3ec48c-ec92-4743-9547-c4eb2a36c763}</UniqueIdentifier>
    </Filter>
    <Filter Include="Audio">
      <UniqueIdentifier>{dc1f2ffb-93ce-49fc-b342-2b986a7bce30}</UniqueIdentifier>
    </Filter>
    <Filter Include="Input">
      <UniqueIdentifier>{dfc5fac8-1969-47bf-b5ab-5778cab6c733}</UniqueIdentifier>
    </Filter>
    <Filter Include="Observer">
      <UniqueIdentifier>{6f573eb5-75a6-4785-be70-73ba4ccff644}</UniqueIdentifier>
    </Filter>
  </ItemGroup>
  <ItemGroup>
    <ClInclude Include="Renderer.h">
      <Filter>Rendering</Filter>
    </ClInclude>
    <ClInclude Include="Texture2D.h">
      <Filter>Rendering</Filter>
    </ClInclude>
    <ClInclude Include="Font.h">
      <Filter>Rendering</Filter>
    </ClInclude>
    <ClInclude Include="BaseComponent.h">
      <Filter>Components</Filter>
    </ClInclude>
    <ClInclude Include="TextComponent.h">
      <Filter>Components</Filter>
    </ClInclude>
    <ClInclude Include="FPSComponent.h">
      <Filter>Components</Filter>
    </ClInclude>
    <ClInclude Include="RenderComponent.h">
      <Filter>Components</Filter>
    </ClInclude>
    <ClInclude Include="Transform.h">
      <Filter>Components</Filter>
    </ClInclude>
    <ClInclude Include="Log.h">
      <Filter>Utilities</Filter>
    </ClInclude>
    <ClInclude Include="Logger.h">
      <Filter>Utilities</Filter>
    </ClInclude>
    <ClInclude Include="Time.h">
      <Filter>Utilities</Filter>
    </ClInclude>
    <ClInclude Include="GameObject.h">
      <Filter>Prefabs</Filter>
    </ClInclude>
    <ClInclude Include="MiniginPCH.h">
      <Filter>Minigin</Filter>
    </ClInclude>
    <ClInclude Include="InputManager.h">
      <Filter>Managers</Filter>
    </ClInclude>
    <ClInclude Include="ResourceManager.h">
      <Filter>Managers</Filter>
    </ClInclude>
    <ClInclude Include="SceneManager.h">
      <Filter>Managers</Filter>
    </ClInclude>
    <ClInclude Include="resource.h">
      <Filter>Minigin</Filter>
    </ClInclude>
    <ClInclude Include="targetver.h">
      <Filter>Minigin</Filter>
    </ClInclude>
    <ClInclude Include="Minigin.h">
      <Filter>Scenes</Filter>
    </ClInclude>
    <ClInclude Include="Scene.h">
      <Filter>Scenes</Filter>
    </ClInclude>
    <ClInclude Include="Invoker.h">
      <Filter>Utilities</Filter>
    </ClInclude>
    <ClInclude Include="Singleton.h">
      <Filter>Minigin</Filter>
    </ClInclude>
    <ClInclude Include="Audio.h">
      <Filter>Audio</Filter>
    </ClInclude>
    <ClInclude Include="AudioLocator.h">
      <Filter>Audio</Filter>
    </ClInclude>
    <ClInclude Include="AudioServices.h">
      <Filter>Audio</Filter>
    </ClInclude>
    <ClInclude Include="Command.h">
      <Filter>Input</Filter>
    </ClInclude>
    <ClInclude Include="Observer.h">
      <Filter>Observer</Filter>
    </ClInclude>
    <ClInclude Include="Subject.h">
      <Filter>Observer</Filter>
    </ClInclude>
    <ClInclude Include="ScoreObserver.h">
      <Filter>Observer</Filter>
    </ClInclude>
    <ClInclude Include="MovementGrid.h">
      <Filter>Input</Filter>
    </ClInclude>
    <ClInclude Include="InputComponent.h">
      <Filter>Components</Filter>
    </ClInclude>
    <ClInclude Include="PlayerCommands.h">
      <Filter>Input</Filter>
    </ClInclude>
  </ItemGroup>
  <ItemGroup>
    <ClCompile Include="TextComponent.cpp">
      <Filter>Components</Filter>
    </ClCompile>
    <ClCompile Include="RenderComponent.cpp">
      <Filter>Components</Filter>
    </ClCompile>
    <ClCompile Include="FPSComponent.cpp">
      <Filter>Components</Filter>
    </ClCompile>
    <ClCompile Include="Transform.cpp">
      <Filter>Components</Filter>
    </ClCompile>
    <ClCompile Include="Logger.cpp">
      <Filter>Utilities</Filter>
    </ClCompile>
    <ClCompile Include="GameObject.cpp">
      <Filter>Prefabs</Filter>
    </ClCompile>
    <ClCompile Include="MiniginPCH.cpp">
      <Filter>Minigin</Filter>
    </ClCompile>
    <ClCompile Include="Main.cpp">
      <Filter>Minigin</Filter>
    </ClCompile>
    <ClCompile Include="InputManager.cpp">
      <Filter>Managers</Filter>
    </ClCompile>
    <ClCompile Include="ResourceManager.cpp">
      <Filter>Managers</Filter>
    </ClCompile>
    <ClCompile Include="SceneManager.cpp">
      <Filter>Managers</Filter>
    </ClCompile>
    <ClCompile Include="Renderer.cpp">
      <Filter>Rendering</Filter>
    </ClCompile>
    <ClCompile Include="Font.cpp">
      <Filter>Rendering</Filter>
    </ClCompile>
    <ClCompile Include="Texture2D.cpp">
      <Filter>Rendering</Filter>
    </ClCompile>
    <ClCompile Include="Minigin.cpp">
      <Filter>Scenes</Filter>
    </ClCompile>
    <ClCompile Include="Scene.cpp">
      <Filter>Scenes</Filter>
    </ClCompile>
    <ClCompile Include="Log.cpp">
      <Filter>Minigin</Filter>
    </ClCompile>
    <ClCompile Include="Subject.cpp">
      <Filter>Observer</Filter>
    </ClCompile>
    <ClCompile Include="ScoreObserver.cpp">
      <Filter>Observer</Filter>
    </ClCompile>
    <ClCompile Include="MovementGrid.cpp">
      <Filter>Input</Filter>
    </ClCompile>
    <ClCompile Include="InputComponent.cpp">
      <Filter>Components</Filter>
    </ClCompile>
    <ClCompile Include="PlayerCommands.cpp">
      <Filter>Input</Filter>
    </ClCompile>
    <ClCompile Include="Command.cpp">
      <Filter>Input</Filter>
    </ClCompile>
  </ItemGroup>
  <ItemGroup>
    <ResourceCompile Include="Minigin.rc">
      <Filter>Resource Files</Filter>
    </ResourceCompile>
  </ItemGroup>
</Project>